
Microsoft Visual Studio Solution File, Format Version 12.00
# Visual Studio Version 17
VisualStudioVersion = 17.14.36109.1
MinimumVisualStudioVersion = 10.0.40219.1
Project("{FAE04EC0-301F-11D3-BF4B-00C04F79EFBC}") = "TelegramBotMinecraft", "TelegramBotMinecraft.csproj", "{4C49106D-EDCD-4DE8-8F23-4C64CCDB57EB}"
EndProject
Global
	GlobalSection(SolutionConfigurationPlatforms) = preSolution
		Debug|Any CPU = Debug|Any CPU
		Release|Any CPU = Release|Any CPU
	EndGlobalSection
	GlobalSection(ProjectConfigurationPlatforms) = postSolution
		{4C49106D-EDCD-4DE8-8F23-4C64CCDB57EB}.Debug|Any CPU.ActiveCfg = Debug|Any CPU
		{4C49106D-EDCD-4DE8-8F23-4C64CCDB57EB}.Debug|Any CPU.Build.0 = Debug|Any CPU
		{4C49106D-EDCD-4DE8-8F23-4C64CCDB57EB}.Release|Any CPU.ActiveCfg = Release|Any CPU
		{4C49106D-EDCD-4DE8-8F23-4C64CCDB57EB}.Release|Any CPU.Build.0 = Release|Any CPU
	EndGlobalSection
	GlobalSection(SolutionProperties) = preSolution
		HideSolutionNode = FALSE
	EndGlobalSection
	GlobalSection(ExtensibilityGlobals) = postSolution
		SolutionGuid = {063A1660-84B0-47B3-BD1D-724CBBDD2A38}
	EndGlobalSection
EndGlobal
